
Microsoft Visual Studio Solution File, Format Version 12.00
# Visual Studio Version 17
VisualStudioVersion = 17.6.33829.357
MinimumVisualStudioVersion = 10.0.40219.1
Project("{FAE04EC0-301F-11D3-BF4B-00C04F79EFBC}") = "GravarDadosMySql", "GravarDadosMySql\GravarDadosMySql.csproj", "{F03D2421-55CF-4029-8695-9B177B8B3D9A}"
EndProject
Global
	GlobalSection(SolutionConfigurationPlatforms) = preSolution
		Debug|Any CPU = Debug|Any CPU
		Release|Any CPU = Release|Any CPU
	EndGlobalSection
	GlobalSection(ProjectConfigurationPlatforms) = postSolution
		{F03D2421-55CF-4029-8695-9B177B8B3D9A}.Debug|Any CPU.ActiveCfg = Debug|Any CPU
		{F03D2421-55CF-4029-8695-9B177B8B3D9A}.Debug|Any CPU.Build.0 = Debug|Any CPU
		{F03D2421-55CF-4029-8695-9B177B8B3D9A}.Release|Any CPU.ActiveCfg = Release|Any CPU
		{F03D2421-55CF-4029-8695-9B177B8B3D9A}.Release|Any CPU.Build.0 = Release|Any CPU
	EndGlobalSection
	GlobalSection(SolutionProperties) = preSolution
		HideSolutionNode = FALSE
	EndGlobalSection
	GlobalSection(ExtensibilityGlobals) = postSolution
		SolutionGuid = {3A374EA9-A1D0-4348-91D9-38C113C531EF}
	EndGlobalSection
EndGlobal
