
Microsoft Visual Studio Solution File, Format Version 12.00
# Visual Studio Version 17
VisualStudioVersion = 17.6.33717.318
MinimumVisualStudioVersion = 10.0.40219.1
Project("{9A19103F-16F7-4668-BE54-9A1E7A4F7556}") = "Entities", "Entities\Entities.csproj", "{0F418183-7DD3-47F3-A329-A950787C843C}"
EndProject
Project("{2150E333-8FDC-42A3-9474-1A3956D46DE8}") = "1 - WebAPIs", "1 - WebAPIs", "{9B2BDEF8-E221-43A7-99D8-E749A8503B9D}"
EndProject
Project("{2150E333-8FDC-42A3-9474-1A3956D46DE8}") = "2 - Domain", "2 - Domain", "{F9483A77-99D8-4DE9-AE57-4CE0F91C73B5}"
EndProject
Project("{2150E333-8FDC-42A3-9474-1A3956D46DE8}") = "3 - Infrascture", "3 - Infrascture", "{E9097882-16D8-4F7A-AD1A-E1401D69E6DB}"
EndProject
Project("{2150E333-8FDC-42A3-9474-1A3956D46DE8}") = "4 - Entities", "4 - Entities", "{1BF66764-0DE0-48CF-9DC2-DEA2D4DAC0F3}"
EndProject
Project("{2150E333-8FDC-42A3-9474-1A3956D46DE8}") = "Helpers", "Helpers", "{E5178967-EB22-40F0-9EA7-C4BA87DE6C39}"
EndProject
Project("{9A19103F-16F7-4668-BE54-9A1E7A4F7556}") = "Helpers", "Helpers\Helpers.csproj", "{EA6077C6-DCA5-4EA6-B9DB-259CC15D7559}"
EndProject
Project("{9A19103F-16F7-4668-BE54-9A1E7A4F7556}") = "Infra", "Infra\Infra.csproj", "{EE8F1B38-28F8-4BEF-9AD4-90FA647701F1}"
EndProject
Project("{9A19103F-16F7-4668-BE54-9A1E7A4F7556}") = "Domain", "Domain\Domain.csproj", "{3EFF3E5A-18B2-45E0-8C4A-2A5157ECE2A8}"
EndProject
Project("{9A19103F-16F7-4668-BE54-9A1E7A4F7556}") = "WebApi", "WebApi\WebApi.csproj", "{5CB41455-5F1C-41E2-B072-A4F37498E39C}"
EndProject
Global
	GlobalSection(SolutionConfigurationPlatforms) = preSolution
		Debug|Any CPU = Debug|Any CPU
		Release|Any CPU = Release|Any CPU
	EndGlobalSection
	GlobalSection(ProjectConfigurationPlatforms) = postSolution
		{0F418183-7DD3-47F3-A329-A950787C843C}.Debug|Any CPU.ActiveCfg = Debug|Any CPU
		{0F418183-7DD3-47F3-A329-A950787C843C}.Debug|Any CPU.Build.0 = Debug|Any CPU
		{0F418183-7DD3-47F3-A329-A950787C843C}.Release|Any CPU.ActiveCfg = Release|Any CPU
		{0F418183-7DD3-47F3-A329-A950787C843C}.Release|Any CPU.Build.0 = Release|Any CPU
		{EA6077C6-DCA5-4EA6-B9DB-259CC15D7559}.Debug|Any CPU.ActiveCfg = Debug|Any CPU
		{EA6077C6-DCA5-4EA6-B9DB-259CC15D7559}.Debug|Any CPU.Build.0 = Debug|Any CPU
		{EA6077C6-DCA5-4EA6-B9DB-259CC15D7559}.Release|Any CPU.ActiveCfg = Release|Any CPU
		{EA6077C6-DCA5-4EA6-B9DB-259CC15D7559}.Release|Any CPU.Build.0 = Release|Any CPU
		{EE8F1B38-28F8-4BEF-9AD4-90FA647701F1}.Debug|Any CPU.ActiveCfg = Debug|Any CPU
		{EE8F1B38-28F8-4BEF-9AD4-90FA647701F1}.Debug|Any CPU.Build.0 = Debug|Any CPU
		{EE8F1B38-28F8-4BEF-9AD4-90FA647701F1}.Release|Any CPU.ActiveCfg = Release|Any CPU
		{EE8F1B38-28F8-4BEF-9AD4-90FA647701F1}.Release|Any CPU.Build.0 = Release|Any CPU
		{3EFF3E5A-18B2-45E0-8C4A-2A5157ECE2A8}.Debug|Any CPU.ActiveCfg = Debug|Any CPU
		{3EFF3E5A-18B2-45E0-8C4A-2A5157ECE2A8}.Debug|Any CPU.Build.0 = Debug|Any CPU
		{3EFF3E5A-18B2-45E0-8C4A-2A5157ECE2A8}.Release|Any CPU.ActiveCfg = Release|Any CPU
		{3EFF3E5A-18B2-45E0-8C4A-2A5157ECE2A8}.Release|Any CPU.Build.0 = Release|Any CPU
		{5CB41455-5F1C-41E2-B072-A4F37498E39C}.Debug|Any CPU.ActiveCfg = Debug|Any CPU
		{5CB41455-5F1C-41E2-B072-A4F37498E39C}.Debug|Any CPU.Build.0 = Debug|Any CPU
		{5CB41455-5F1C-41E2-B072-A4F37498E39C}.Release|Any CPU.ActiveCfg = Release|Any CPU
		{5CB41455-5F1C-41E2-B072-A4F37498E39C}.Release|Any CPU.Build.0 = Release|Any CPU
	EndGlobalSection
	GlobalSection(SolutionProperties) = preSolution
		HideSolutionNode = FALSE
	EndGlobalSection
	GlobalSection(NestedProjects) = preSolution
		{0F418183-7DD3-47F3-A329-A950787C843C} = {1BF66764-0DE0-48CF-9DC2-DEA2D4DAC0F3}
		{EA6077C6-DCA5-4EA6-B9DB-259CC15D7559} = {E5178967-EB22-40F0-9EA7-C4BA87DE6C39}
		{EE8F1B38-28F8-4BEF-9AD4-90FA647701F1} = {E9097882-16D8-4F7A-AD1A-E1401D69E6DB}
		{3EFF3E5A-18B2-45E0-8C4A-2A5157ECE2A8} = {F9483A77-99D8-4DE9-AE57-4CE0F91C73B5}
		{5CB41455-5F1C-41E2-B072-A4F37498E39C} = {9B2BDEF8-E221-43A7-99D8-E749A8503B9D}
	EndGlobalSection
	GlobalSection(ExtensibilityGlobals) = postSolution
		SolutionGuid = {8DC00772-2BB6-4E30-9B05-29D98F2B3708}
	EndGlobalSection
EndGlobal
