
Microsoft Visual Studio Solution File, Format Version 12.00
# Visual Studio Version 17
VisualStudioVersion = 17.6.33717.318
MinimumVisualStudioVersion = 10.0.40219.1
Project("{FAE04EC0-301F-11D3-BF4B-00C04F79EFBC}") = "FirstCors", "FirstCors\FirstCors.csproj", "{A3879AE5-F750-44CE-8A03-D1F35C382743}"
EndProject
Global
	GlobalSection(SolutionConfigurationPlatforms) = preSolution
		Debug|Any CPU = Debug|Any CPU
		Release|Any CPU = Release|Any CPU
	EndGlobalSection
	GlobalSection(ProjectConfigurationPlatforms) = postSolution
		{A3879AE5-F750-44CE-8A03-D1F35C382743}.Debug|Any CPU.ActiveCfg = Debug|Any CPU
		{A3879AE5-F750-44CE-8A03-D1F35C382743}.Debug|Any CPU.Build.0 = Debug|Any CPU
		{A3879AE5-F750-44CE-8A03-D1F35C382743}.Release|Any CPU.ActiveCfg = Release|Any CPU
		{A3879AE5-F750-44CE-8A03-D1F35C382743}.Release|Any CPU.Build.0 = Release|Any CPU
	EndGlobalSection
	GlobalSection(SolutionProperties) = preSolution
		HideSolutionNode = FALSE
	EndGlobalSection
	GlobalSection(ExtensibilityGlobals) = postSolution
		SolutionGuid = {37883654-5327-4643-B350-72E45C93F66F}
	EndGlobalSection
EndGlobal
