
Microsoft Visual Studio Solution File, Format Version 12.00
# Visual Studio Version 17
VisualStudioVersion = 17.6.33815.320
MinimumVisualStudioVersion = 10.0.40219.1
Project("{FAE04EC0-301F-11D3-BF4B-00C04F79EFBC}") = "Entities", "Entities\Entities.csproj", "{4AD855FD-61D5-4728-8DF5-519357E4816B}"
EndProject
Global
	GlobalSection(SolutionConfigurationPlatforms) = preSolution
		Debug|Any CPU = Debug|Any CPU
		Release|Any CPU = Release|Any CPU
	EndGlobalSection
	GlobalSection(ProjectConfigurationPlatforms) = postSolution
		{4AD855FD-61D5-4728-8DF5-519357E4816B}.Debug|Any CPU.ActiveCfg = Debug|Any CPU
		{4AD855FD-61D5-4728-8DF5-519357E4816B}.Debug|Any CPU.Build.0 = Debug|Any CPU
		{4AD855FD-61D5-4728-8DF5-519357E4816B}.Release|Any CPU.ActiveCfg = Release|Any CPU
		{4AD855FD-61D5-4728-8DF5-519357E4816B}.Release|Any CPU.Build.0 = Release|Any CPU
	EndGlobalSection
	GlobalSection(SolutionProperties) = preSolution
		HideSolutionNode = FALSE
	EndGlobalSection
	GlobalSection(ExtensibilityGlobals) = postSolution
		SolutionGuid = {73CC61C2-9F51-4D40-AD4A-20CCD6763E14}
	EndGlobalSection
EndGlobal
