
Microsoft Visual Studio Solution File, Format Version 12.00
# Visual Studio Version 17
VisualStudioVersion = 17.6.33829.357
MinimumVisualStudioVersion = 10.0.40219.1
Project("{FAE04EC0-301F-11D3-BF4B-00C04F79EFBC}") = "JwtBearer", "JwtBearer\JwtBearer.csproj", "{A18C21D9-64D7-4951-B2F6-7B7BC1822C67}"
EndProject
Global
	GlobalSection(SolutionConfigurationPlatforms) = preSolution
		Debug|Any CPU = Debug|Any CPU
		Release|Any CPU = Release|Any CPU
	EndGlobalSection
	GlobalSection(ProjectConfigurationPlatforms) = postSolution
		{A18C21D9-64D7-4951-B2F6-7B7BC1822C67}.Debug|Any CPU.ActiveCfg = Debug|Any CPU
		{A18C21D9-64D7-4951-B2F6-7B7BC1822C67}.Debug|Any CPU.Build.0 = Debug|Any CPU
		{A18C21D9-64D7-4951-B2F6-7B7BC1822C67}.Release|Any CPU.ActiveCfg = Release|Any CPU
		{A18C21D9-64D7-4951-B2F6-7B7BC1822C67}.Release|Any CPU.Build.0 = Release|Any CPU
	EndGlobalSection
	GlobalSection(SolutionProperties) = preSolution
		HideSolutionNode = FALSE
	EndGlobalSection
	GlobalSection(ExtensibilityGlobals) = postSolution
		SolutionGuid = {D0149C2C-B34B-41D7-BD96-35E7A1DCFB4F}
	EndGlobalSection
EndGlobal
